
Microsoft Visual Studio Solution File, Format Version 12.00
# Visual Studio Version 16
VisualStudioVersion = 16.0.30717.126
MinimumVisualStudioVersion = 10.0.40219.1
Project("{FAE04EC0-301F-11D3-BF4B-00C04F79EFBC}") = "Microservice-AzureServiceBus", "Microservice-AzureServiceBus\Microservice-AzureServiceBus.csproj", "{C353248F-8244-48C4-ADF8-CDB70E49AF88}"
EndProject
Global
	GlobalSection(SolutionConfigurationPlatforms) = preSolution
		Debug|Any CPU = Debug|Any CPU
		Release|Any CPU = Release|Any CPU
	EndGlobalSection
	GlobalSection(ProjectConfigurationPlatforms) = postSolution
		{C353248F-8244-48C4-ADF8-CDB70E49AF88}.Debug|Any CPU.ActiveCfg = Debug|Any CPU
		{C353248F-8244-48C4-ADF8-CDB70E49AF88}.Debug|Any CPU.Build.0 = Debug|Any CPU
		{C353248F-8244-48C4-ADF8-CDB70E49AF88}.Release|Any CPU.ActiveCfg = Release|Any CPU
		{C353248F-8244-48C4-ADF8-CDB70E49AF88}.Release|Any CPU.Build.0 = Release|Any CPU
	EndGlobalSection
	GlobalSection(SolutionProperties) = preSolution
		HideSolutionNode = FALSE
	EndGlobalSection
	GlobalSection(ExtensibilityGlobals) = postSolution
		SolutionGuid = {04E66CBE-C4DF-4144-BCDB-72D764532BDF}
	EndGlobalSection
EndGlobal
